
Microsoft Visual Studio Solution File, Format Version 12.00
# Visual Studio 15
VisualStudioVersion = 15.0.27703.2000
MinimumVisualStudioVersion = 10.0.40219.1
Project("{FAE04EC0-301F-11D3-BF4B-00C04F79EFBC}") = "App1", "App1\App1.csproj", "{F3EE531D-94DB-4ACD-A87A-5B32313EC76A}"
EndProject
Global
	GlobalSection(SolutionConfigurationPlatforms) = preSolution
		Debug|Any CPU = Debug|Any CPU
		Release|Any CPU = Release|Any CPU
	EndGlobalSection
	GlobalSection(ProjectConfigurationPlatforms) = postSolution
		{F3EE531D-94DB-4ACD-A87A-5B32313EC76A}.Debug|Any CPU.ActiveCfg = Debug|Any CPU
		{F3EE531D-94DB-4ACD-A87A-5B32313EC76A}.Debug|Any CPU.Build.0 = Debug|Any CPU
		{F3EE531D-94DB-4ACD-A87A-5B32313EC76A}.Debug|Any CPU.Deploy.0 = Debug|Any CPU
		{F3EE531D-94DB-4ACD-A87A-5B32313EC76A}.Release|Any CPU.ActiveCfg = Release|Any CPU
		{F3EE531D-94DB-4ACD-A87A-5B32313EC76A}.Release|Any CPU.Build.0 = Release|Any CPU
		{F3EE531D-94DB-4ACD-A87A-5B32313EC76A}.Release|Any CPU.Deploy.0 = Release|Any CPU
	EndGlobalSection
	GlobalSection(SolutionProperties) = preSolution
		HideSolutionNode = FALSE
	EndGlobalSection
	GlobalSection(ExtensibilityGlobals) = postSolution
		SolutionGuid = {A5D86D07-5B5D-4B2A-89F7-7C4CBC0BE396}
	EndGlobalSection
EndGlobal
